
Microsoft Visual Studio Solution File, Format Version 12.00
# Visual Studio Version 16
VisualStudioVersion = 16.0.29201.188
MinimumVisualStudioVersion = 10.0.40219.1
Project("{8BC9CEB8-8B4A-11D0-8D11-00A0C91BC942}") = "QHash", "QHash\QHash.vcxproj", "{72E3FA28-A91E-4E58-9D01-7E400002D4B7}"
EndProject
Project("{8BC9CEB8-8B4A-11D0-8D11-00A0C91BC942}") = "TestHash", "TestHash\TestHash.vcxproj", "{DB970FD5-6BC0-4CDA-AFF3-2BCBC52660FB}"
EndProject
Project("{8BC9CEB8-8B4A-11D0-8D11-00A0C91BC942}") = "HashPerformance", "HashPerformance\HashPerformance.vcxproj", "{FDE57EF5-9A37-4ECB-96BF-2CD36F97265F}"
EndProject
Project("{8BC9CEB8-8B4A-11D0-8D11-00A0C91BC942}") = "SetPerformance", "SetPerformance\SetPerformance.vcxproj", "{4C4CE3E9-F12F-409F-A5B4-9B4EBB67F9CE}"
EndProject
Project("{8BC9CEB8-8B4A-11D0-8D11-00A0C91BC942}") = "TestMap", "TestMap\TestMap.vcxproj", "{36E2ED27-72B5-4E80-8BD5-87815BA21834}"
EndProject
Project("{2150E333-8FDC-42A3-9474-1A3956D46DE8}") = "Solution Items", "Solution Items", "{59631CFC-051A-45B4-98BB-8416F7750FDA}"
	ProjectSection(SolutionItems) = preProject
		README.md = README.md
	EndProjectSection
EndProject
Global
	GlobalSection(SolutionConfigurationPlatforms) = preSolution
		Debug|x64 = Debug|x64
		Debug|x86 = Debug|x86
		Release|x64 = Release|x64
		Release|x86 = Release|x86
	EndGlobalSection
	GlobalSection(ProjectConfigurationPlatforms) = postSolution
		{72E3FA28-A91E-4E58-9D01-7E400002D4B7}.Debug|x64.ActiveCfg = Debug|x64
		{72E3FA28-A91E-4E58-9D01-7E400002D4B7}.Debug|x64.Build.0 = Debug|x64
		{72E3FA28-A91E-4E58-9D01-7E400002D4B7}.Debug|x86.ActiveCfg = Debug|Win32
		{72E3FA28-A91E-4E58-9D01-7E400002D4B7}.Debug|x86.Build.0 = Debug|Win32
		{72E3FA28-A91E-4E58-9D01-7E400002D4B7}.Release|x64.ActiveCfg = Release|x64
		{72E3FA28-A91E-4E58-9D01-7E400002D4B7}.Release|x64.Build.0 = Release|x64
		{72E3FA28-A91E-4E58-9D01-7E400002D4B7}.Release|x86.ActiveCfg = Release|Win32
		{72E3FA28-A91E-4E58-9D01-7E400002D4B7}.Release|x86.Build.0 = Release|Win32
		{DB970FD5-6BC0-4CDA-AFF3-2BCBC52660FB}.Debug|x64.ActiveCfg = Debug|x64
		{DB970FD5-6BC0-4CDA-AFF3-2BCBC52660FB}.Debug|x64.Build.0 = Debug|x64
		{DB970FD5-6BC0-4CDA-AFF3-2BCBC52660FB}.Debug|x86.ActiveCfg = Debug|Win32
		{DB970FD5-6BC0-4CDA-AFF3-2BCBC52660FB}.Debug|x86.Build.0 = Debug|Win32
		{DB970FD5-6BC0-4CDA-AFF3-2BCBC52660FB}.Release|x64.ActiveCfg = Release|x64
		{DB970FD5-6BC0-4CDA-AFF3-2BCBC52660FB}.Release|x64.Build.0 = Release|x64
		{DB970FD5-6BC0-4CDA-AFF3-2BCBC52660FB}.Release|x86.ActiveCfg = Release|Win32
		{DB970FD5-6BC0-4CDA-AFF3-2BCBC52660FB}.Release|x86.Build.0 = Release|Win32
		{FDE57EF5-9A37-4ECB-96BF-2CD36F97265F}.Debug|x64.ActiveCfg = Debug|x64
		{FDE57EF5-9A37-4ECB-96BF-2CD36F97265F}.Debug|x64.Build.0 = Debug|x64
		{FDE57EF5-9A37-4ECB-96BF-2CD36F97265F}.Debug|x86.ActiveCfg = Debug|Win32
		{FDE57EF5-9A37-4ECB-96BF-2CD36F97265F}.Debug|x86.Build.0 = Debug|Win32
		{FDE57EF5-9A37-4ECB-96BF-2CD36F97265F}.Release|x64.ActiveCfg = Release|x64
		{FDE57EF5-9A37-4ECB-96BF-2CD36F97265F}.Release|x64.Build.0 = Release|x64
		{FDE57EF5-9A37-4ECB-96BF-2CD36F97265F}.Release|x86.ActiveCfg = Release|Win32
		{FDE57EF5-9A37-4ECB-96BF-2CD36F97265F}.Release|x86.Build.0 = Release|Win32
		{4C4CE3E9-F12F-409F-A5B4-9B4EBB67F9CE}.Debug|x64.ActiveCfg = Debug|x64
		{4C4CE3E9-F12F-409F-A5B4-9B4EBB67F9CE}.Debug|x64.Build.0 = Debug|x64
		{4C4CE3E9-F12F-409F-A5B4-9B4EBB67F9CE}.Debug|x86.ActiveCfg = Debug|Win32
		{4C4CE3E9-F12F-409F-A5B4-9B4EBB67F9CE}.Debug|x86.Build.0 = Debug|Win32
		{4C4CE3E9-F12F-409F-A5B4-9B4EBB67F9CE}.Release|x64.ActiveCfg = Release|x64
		{4C4CE3E9-F12F-409F-A5B4-9B4EBB67F9CE}.Release|x64.Build.0 = Release|x64
		{4C4CE3E9-F12F-409F-A5B4-9B4EBB67F9CE}.Release|x86.ActiveCfg = Release|Win32
		{4C4CE3E9-F12F-409F-A5B4-9B4EBB67F9CE}.Release|x86.Build.0 = Release|Win32
		{36E2ED27-72B5-4E80-8BD5-87815BA21834}.Debug|x64.ActiveCfg = Debug|x64
		{36E2ED27-72B5-4E80-8BD5-87815BA21834}.Debug|x64.Build.0 = Debug|x64
		{36E2ED27-72B5-4E80-8BD5-87815BA21834}.Debug|x86.ActiveCfg = Debug|Win32
		{36E2ED27-72B5-4E80-8BD5-87815BA21834}.Debug|x86.Build.0 = Debug|Win32
		{36E2ED27-72B5-4E80-8BD5-87815BA21834}.Release|x64.ActiveCfg = Release|x64
		{36E2ED27-72B5-4E80-8BD5-87815BA21834}.Release|x64.Build.0 = Release|x64
		{36E2ED27-72B5-4E80-8BD5-87815BA21834}.Release|x86.ActiveCfg = Release|Win32
		{36E2ED27-72B5-4E80-8BD5-87815BA21834}.Release|x86.Build.0 = Release|Win32
	EndGlobalSection
	GlobalSection(SolutionProperties) = preSolution
		HideSolutionNode = FALSE
	EndGlobalSection
	GlobalSection(ExtensibilityGlobals) = postSolution
		SolutionGuid = {94DF0F7E-8574-4531-B7AC-EFFFE6073157}
	EndGlobalSection
EndGlobal
